
Microsoft Visual Studio Solution File, Format Version 12.00
# Visual Studio Version 17
VisualStudioVersion = 17.14.36221.1
MinimumVisualStudioVersion = 10.0.40219.1
Project("{FAE04EC0-301F-11D3-BF4B-00C04F79EFBC}") = "PhoneBook", "PhoneBook\PhoneBook.csproj", "{37ADAF1A-04B8-4F5E-A1A8-7902BADD49AD}"
EndProject
Project("{FAE04EC0-301F-11D3-BF4B-00C04F79EFBC}") = "PhoneBook.DataAccess", "PhoneBook.DataAccess\PhoneBook.DataAccess.csproj", "{6C21D03F-92B0-45A7-B7CB-2394CF3DE904}"
EndProject
Project("{FAE04EC0-301F-11D3-BF4B-00C04F79EFBC}") = "PhoneBook.Contracts", "PhoneBook.Contracts\PhoneBook.Contracts.csproj", "{DECF5900-6DAA-4E66-87F8-725D664BFCE3}"
EndProject
Project("{FAE04EC0-301F-11D3-BF4B-00C04F79EFBC}") = "PhoneBook.Handlers", "PhoneBook.Handlers\PhoneBook.Handlers.csproj", "{BC6A5AB4-51E7-4CDD-8FCA-4D621F080F8A}"
EndProject
Project("{FAE04EC0-301F-11D3-BF4B-00C04F79EFBC}") = "PhoneBook.DataModels", "PhoneBook.DataModels\PhoneBook.DataModels.csproj", "{A2B255B8-ED10-4C85-A108-11A5C552FA57}"
EndProject
Global
	GlobalSection(SolutionConfigurationPlatforms) = preSolution
		Debug|Any CPU = Debug|Any CPU
		Release|Any CPU = Release|Any CPU
	EndGlobalSection
	GlobalSection(ProjectConfigurationPlatforms) = postSolution
		{37ADAF1A-04B8-4F5E-A1A8-7902BADD49AD}.Debug|Any CPU.ActiveCfg = Debug|Any CPU
		{37ADAF1A-04B8-4F5E-A1A8-7902BADD49AD}.Debug|Any CPU.Build.0 = Debug|Any CPU
		{37ADAF1A-04B8-4F5E-A1A8-7902BADD49AD}.Release|Any CPU.ActiveCfg = Release|Any CPU
		{37ADAF1A-04B8-4F5E-A1A8-7902BADD49AD}.Release|Any CPU.Build.0 = Release|Any CPU
		{6C21D03F-92B0-45A7-B7CB-2394CF3DE904}.Debug|Any CPU.ActiveCfg = Debug|Any CPU
		{6C21D03F-92B0-45A7-B7CB-2394CF3DE904}.Debug|Any CPU.Build.0 = Debug|Any CPU
		{6C21D03F-92B0-45A7-B7CB-2394CF3DE904}.Release|Any CPU.ActiveCfg = Release|Any CPU
		{6C21D03F-92B0-45A7-B7CB-2394CF3DE904}.Release|Any CPU.Build.0 = Release|Any CPU
		{DECF5900-6DAA-4E66-87F8-725D664BFCE3}.Debug|Any CPU.ActiveCfg = Debug|Any CPU
		{DECF5900-6DAA-4E66-87F8-725D664BFCE3}.Debug|Any CPU.Build.0 = Debug|Any CPU
		{DECF5900-6DAA-4E66-87F8-725D664BFCE3}.Release|Any CPU.ActiveCfg = Release|Any CPU
		{DECF5900-6DAA-4E66-87F8-725D664BFCE3}.Release|Any CPU.Build.0 = Release|Any CPU
		{BC6A5AB4-51E7-4CDD-8FCA-4D621F080F8A}.Debug|Any CPU.ActiveCfg = Debug|Any CPU
		{BC6A5AB4-51E7-4CDD-8FCA-4D621F080F8A}.Debug|Any CPU.Build.0 = Debug|Any CPU
		{BC6A5AB4-51E7-4CDD-8FCA-4D621F080F8A}.Release|Any CPU.ActiveCfg = Release|Any CPU
		{BC6A5AB4-51E7-4CDD-8FCA-4D621F080F8A}.Release|Any CPU.Build.0 = Release|Any CPU
		{A2B255B8-ED10-4C85-A108-11A5C552FA57}.Debug|Any CPU.ActiveCfg = Debug|Any CPU
		{A2B255B8-ED10-4C85-A108-11A5C552FA57}.Debug|Any CPU.Build.0 = Debug|Any CPU
		{A2B255B8-ED10-4C85-A108-11A5C552FA57}.Release|Any CPU.ActiveCfg = Release|Any CPU
		{A2B255B8-ED10-4C85-A108-11A5C552FA57}.Release|Any CPU.Build.0 = Release|Any CPU
	EndGlobalSection
	GlobalSection(SolutionProperties) = preSolution
		HideSolutionNode = FALSE
	EndGlobalSection
	GlobalSection(ExtensibilityGlobals) = postSolution
		SolutionGuid = {BEEA08F5-EF67-4915-A2B6-E7B77CACA677}
	EndGlobalSection
EndGlobal
